
Microsoft Visual Studio Solution File, Format Version 12.00
# Visual Studio Version 17
VisualStudioVersion = 17.1.32328.378
MinimumVisualStudioVersion = 10.0.40219.1
Project("{FAE04EC0-301F-11D3-BF4B-00C04F79EFBC}") = "FrontApiServer", "FrontApiServer\FrontApiServer.csproj", "{C2A4399C-A8DD-421B-92F2-794F1E760EDC}"
EndProject
Global
	GlobalSection(SolutionConfigurationPlatforms) = preSolution
		Debug|Any CPU = Debug|Any CPU
		Release|Any CPU = Release|Any CPU
	EndGlobalSection
	GlobalSection(ProjectConfigurationPlatforms) = postSolution
		{C2A4399C-A8DD-421B-92F2-794F1E760EDC}.Debug|Any CPU.ActiveCfg = Debug|Any CPU
		{C2A4399C-A8DD-421B-92F2-794F1E760EDC}.Debug|Any CPU.Build.0 = Debug|Any CPU
		{C2A4399C-A8DD-421B-92F2-794F1E760EDC}.Release|Any CPU.ActiveCfg = Release|Any CPU
		{C2A4399C-A8DD-421B-92F2-794F1E760EDC}.Release|Any CPU.Build.0 = Release|Any CPU
	EndGlobalSection
	GlobalSection(SolutionProperties) = preSolution
		HideSolutionNode = FALSE
	EndGlobalSection
	GlobalSection(ExtensibilityGlobals) = postSolution
		SolutionGuid = {04DC8646-EEB0-4D43-A36C-23E451196A42}
	EndGlobalSection
EndGlobal
